{
  "name": "hw3333",
  "lockfileVersion": 3,
  "requires": true,
  "packages": {
    "": {
      "dependencies": {
        "emoji-picker-element": "^1.26.1"
      }
    },
    "node_modules/emoji-picker-element": {
      "version": "1.26.1",
      "resolved": "https://registry.npmjs.org/emoji-picker-element/-/emoji-picker-element-1.26.1.tgz",
      "integrity": "sha512-XgQ9s2JdmworiqLfJC7eGbzQHGv8yb8U9XofjeRAnOMYaeLh0MfwVAz9oG1YE2U2WnzU0Pys1axMjYtPKJ7YSg==",
      "license": "Apache-2.0"
    }
  }
}
